
Microsoft Visual Studio Solution File, Format Version 12.00
# Visual Studio 15
VisualStudioVersion = 15.0.27428.2027
MinimumVisualStudioVersion = 10.0.40219.1
Project("{8BC9CEB8-8B4A-11D0-8D11-00A0C91BC942}") = "RecoilFix", "RecoilFix\RecoilFix.vcxproj", "{B9B0D2F8-439C-4584-BA46-4CD7F5C43E43}"
EndProject
Global
	GlobalSection(SolutionConfigurationPlatforms) = preSolution
		Debug|x64 = Debug|x64
		Debug|x86 = Debug|x86
		Release|x64 = Release|x64
		Release|x86 = Release|x86
	EndGlobalSection
	GlobalSection(ProjectConfigurationPlatforms) = postSolution
		{B9B0D2F8-439C-4584-BA46-4CD7F5C43E43}.Debug|x64.ActiveCfg = Debug|x64
		{B9B0D2F8-439C-4584-BA46-4CD7F5C43E43}.Debug|x64.Build.0 = Debug|x64
		{B9B0D2F8-439C-4584-BA46-4CD7F5C43E43}.Debug|x86.ActiveCfg = Debug|Win32
		{B9B0D2F8-439C-4584-BA46-4CD7F5C43E43}.Debug|x86.Build.0 = Debug|Win32
		{B9B0D2F8-439C-4584-BA46-4CD7F5C43E43}.Release|x64.ActiveCfg = Release|x64
		{B9B0D2F8-439C-4584-BA46-4CD7F5C43E43}.Release|x64.Build.0 = Release|x64
		{B9B0D2F8-439C-4584-BA46-4CD7F5C43E43}.Release|x86.ActiveCfg = Release|Win32
		{B9B0D2F8-439C-4584-BA46-4CD7F5C43E43}.Release|x86.Build.0 = Release|Win32
	EndGlobalSection
	GlobalSection(SolutionProperties) = preSolution
		HideSolutionNode = FALSE
	EndGlobalSection
	GlobalSection(ExtensibilityGlobals) = postSolution
		SolutionGuid = {275588C5-2E89-4916-9F3B-0655B9889D55}
	EndGlobalSection
EndGlobal
